
Microsoft Visual Studio Solution File, Format Version 12.00
# Visual Studio 15
VisualStudioVersion = 15.0.28307.271
MinimumVisualStudioVersion = 10.0.40219.1
Project("{9A19103F-16F7-4668-BE54-9A1E7A4F7556}") = "MVP.Entities", "MVP.Entities\MVP.Entities.csproj", "{0821522F-9110-412C-AE8C-55CB676C32B3}"
EndProject
Project("{9A19103F-16F7-4668-BE54-9A1E7A4F7556}") = "MVP.BusinessLogic", "MVP.BusinessLogic\MVP.BusinessLogic.csproj", "{B626E15A-2C8C-43A3-8C90-611206C09254}"
EndProject
Project("{9A19103F-16F7-4668-BE54-9A1E7A4F7556}") = "MVP.DataAccess", "MVP.DataAccess\MVP.DataAccess.csproj", "{5BBD5BBB-A1E2-4634-B6F6-1AFC259DC574}"
EndProject
Project("{9A19103F-16F7-4668-BE54-9A1E7A4F7556}") = "MVP", "MVP\MVP.csproj", "{D8C9129E-39E5-4CB3-A696-FC66C6B4A219}"
EndProject
Global
	GlobalSection(SolutionConfigurationPlatforms) = preSolution
		Debug|Any CPU = Debug|Any CPU
		Release|Any CPU = Release|Any CPU
	EndGlobalSection
	GlobalSection(ProjectConfigurationPlatforms) = postSolution
		{0821522F-9110-412C-AE8C-55CB676C32B3}.Debug|Any CPU.ActiveCfg = Debug|Any CPU
		{0821522F-9110-412C-AE8C-55CB676C32B3}.Debug|Any CPU.Build.0 = Debug|Any CPU
		{0821522F-9110-412C-AE8C-55CB676C32B3}.Release|Any CPU.ActiveCfg = Release|Any CPU
		{0821522F-9110-412C-AE8C-55CB676C32B3}.Release|Any CPU.Build.0 = Release|Any CPU
		{B626E15A-2C8C-43A3-8C90-611206C09254}.Debug|Any CPU.ActiveCfg = Debug|Any CPU
		{B626E15A-2C8C-43A3-8C90-611206C09254}.Debug|Any CPU.Build.0 = Debug|Any CPU
		{B626E15A-2C8C-43A3-8C90-611206C09254}.Release|Any CPU.ActiveCfg = Release|Any CPU
		{B626E15A-2C8C-43A3-8C90-611206C09254}.Release|Any CPU.Build.0 = Release|Any CPU
		{5BBD5BBB-A1E2-4634-B6F6-1AFC259DC574}.Debug|Any CPU.ActiveCfg = Debug|Any CPU
		{5BBD5BBB-A1E2-4634-B6F6-1AFC259DC574}.Debug|Any CPU.Build.0 = Debug|Any CPU
		{5BBD5BBB-A1E2-4634-B6F6-1AFC259DC574}.Release|Any CPU.ActiveCfg = Release|Any CPU
		{5BBD5BBB-A1E2-4634-B6F6-1AFC259DC574}.Release|Any CPU.Build.0 = Release|Any CPU
		{D8C9129E-39E5-4CB3-A696-FC66C6B4A219}.Debug|Any CPU.ActiveCfg = Debug|Any CPU
		{D8C9129E-39E5-4CB3-A696-FC66C6B4A219}.Debug|Any CPU.Build.0 = Debug|Any CPU
		{D8C9129E-39E5-4CB3-A696-FC66C6B4A219}.Release|Any CPU.ActiveCfg = Release|Any CPU
		{D8C9129E-39E5-4CB3-A696-FC66C6B4A219}.Release|Any CPU.Build.0 = Release|Any CPU
	EndGlobalSection
	GlobalSection(SolutionProperties) = preSolution
		HideSolutionNode = FALSE
	EndGlobalSection
	GlobalSection(ExtensibilityGlobals) = postSolution
		SolutionGuid = {134E29E7-F057-4394-BF0A-E3650B92C3B6}
	EndGlobalSection
EndGlobal
